
Microsoft Visual Studio Solution File, Format Version 12.00
# Visual Studio Version 16
VisualStudioVersion = 16.0.31129.286
MinimumVisualStudioVersion = 10.0.40219.1
Project("{9A19103F-16F7-4668-BE54-9A1E7A4F7556}") = "MultiTenant.Application", "MultiTenant.Application\MultiTenant.Application.csproj", "{C2A39A82-B7E3-4D9C-8608-EA2FB93082C1}"
EndProject
Project("{9A19103F-16F7-4668-BE54-9A1E7A4F7556}") = "MultiTenant.WebApp", "MultiTenant.WebApp\MultiTenant.WebApp.csproj", "{BAE76ADA-9F5A-4D48-83C3-ECC075C56C2F}"
EndProject
Project("{9A19103F-16F7-4668-BE54-9A1E7A4F7556}") = "MultiTenant.Login", "MultiTenant.Login\MultiTenant.Login.csproj", "{18B4DDF8-602F-46FA-BC73-ABAC6AC1E7F7}"
EndProject
Project("{9A19103F-16F7-4668-BE54-9A1E7A4F7556}") = "MultiTenant.Data", "MultiTenant.Data\MultiTenant.Data.csproj", "{A21C4364-BE79-462D-8D07-8CD8DFAC30A3}"
EndProject
Project("{9A19103F-16F7-4668-BE54-9A1E7A4F7556}") = "MultiTenant", "MultiTenant\MultiTenant.csproj", "{924F64A8-417A-47E8-AD17-DCB1C343DA27}"
EndProject
Global
	GlobalSection(SolutionConfigurationPlatforms) = preSolution
		Debug|Any CPU = Debug|Any CPU
		Release|Any CPU = Release|Any CPU
	EndGlobalSection
	GlobalSection(ProjectConfigurationPlatforms) = postSolution
		{C2A39A82-B7E3-4D9C-8608-EA2FB93082C1}.Debug|Any CPU.ActiveCfg = Debug|Any CPU
		{C2A39A82-B7E3-4D9C-8608-EA2FB93082C1}.Debug|Any CPU.Build.0 = Debug|Any CPU
		{C2A39A82-B7E3-4D9C-8608-EA2FB93082C1}.Release|Any CPU.ActiveCfg = Release|Any CPU
		{C2A39A82-B7E3-4D9C-8608-EA2FB93082C1}.Release|Any CPU.Build.0 = Release|Any CPU
		{BAE76ADA-9F5A-4D48-83C3-ECC075C56C2F}.Debug|Any CPU.ActiveCfg = Debug|Any CPU
		{BAE76ADA-9F5A-4D48-83C3-ECC075C56C2F}.Debug|Any CPU.Build.0 = Debug|Any CPU
		{BAE76ADA-9F5A-4D48-83C3-ECC075C56C2F}.Release|Any CPU.ActiveCfg = Release|Any CPU
		{BAE76ADA-9F5A-4D48-83C3-ECC075C56C2F}.Release|Any CPU.Build.0 = Release|Any CPU
		{18B4DDF8-602F-46FA-BC73-ABAC6AC1E7F7}.Debug|Any CPU.ActiveCfg = Debug|Any CPU
		{18B4DDF8-602F-46FA-BC73-ABAC6AC1E7F7}.Debug|Any CPU.Build.0 = Debug|Any CPU
		{18B4DDF8-602F-46FA-BC73-ABAC6AC1E7F7}.Release|Any CPU.ActiveCfg = Release|Any CPU
		{18B4DDF8-602F-46FA-BC73-ABAC6AC1E7F7}.Release|Any CPU.Build.0 = Release|Any CPU
		{A21C4364-BE79-462D-8D07-8CD8DFAC30A3}.Debug|Any CPU.ActiveCfg = Debug|Any CPU
		{A21C4364-BE79-462D-8D07-8CD8DFAC30A3}.Debug|Any CPU.Build.0 = Debug|Any CPU
		{A21C4364-BE79-462D-8D07-8CD8DFAC30A3}.Release|Any CPU.ActiveCfg = Release|Any CPU
		{A21C4364-BE79-462D-8D07-8CD8DFAC30A3}.Release|Any CPU.Build.0 = Release|Any CPU
		{924F64A8-417A-47E8-AD17-DCB1C343DA27}.Debug|Any CPU.ActiveCfg = Debug|Any CPU
		{924F64A8-417A-47E8-AD17-DCB1C343DA27}.Debug|Any CPU.Build.0 = Debug|Any CPU
		{924F64A8-417A-47E8-AD17-DCB1C343DA27}.Release|Any CPU.ActiveCfg = Release|Any CPU
		{924F64A8-417A-47E8-AD17-DCB1C343DA27}.Release|Any CPU.Build.0 = Release|Any CPU
	EndGlobalSection
	GlobalSection(SolutionProperties) = preSolution
		HideSolutionNode = FALSE
	EndGlobalSection
	GlobalSection(ExtensibilityGlobals) = postSolution
		SolutionGuid = {4E639E03-DAB4-471F-902B-62BBFD4B40FE}
	EndGlobalSection
EndGlobal
